
Microsoft Visual Studio Solution File, Format Version 12.00
# Visual Studio Version 16
VisualStudioVersion = 16.0.31729.503
MinimumVisualStudioVersion = 10.0.40219.1
Project("{FAE04EC0-301F-11D3-BF4B-00C04F79EFBC}") = "FirstApplicationRodermel", "FirstApplicationRodermel.csproj", "{C7B80DE3-0711-4BA2-88BD-0DBD78A37FC1}"
EndProject
Global
	GlobalSection(SolutionConfigurationPlatforms) = preSolution
		Debug|Any CPU = Debug|Any CPU
		Release|Any CPU = Release|Any CPU
	EndGlobalSection
	GlobalSection(ProjectConfigurationPlatforms) = postSolution
		{C7B80DE3-0711-4BA2-88BD-0DBD78A37FC1}.Debug|Any CPU.ActiveCfg = Debug|Any CPU
		{C7B80DE3-0711-4BA2-88BD-0DBD78A37FC1}.Debug|Any CPU.Build.0 = Debug|Any CPU
		{C7B80DE3-0711-4BA2-88BD-0DBD78A37FC1}.Release|Any CPU.ActiveCfg = Release|Any CPU
		{C7B80DE3-0711-4BA2-88BD-0DBD78A37FC1}.Release|Any CPU.Build.0 = Release|Any CPU
	EndGlobalSection
	GlobalSection(SolutionProperties) = preSolution
		HideSolutionNode = FALSE
	EndGlobalSection
	GlobalSection(ExtensibilityGlobals) = postSolution
		SolutionGuid = {80DB596E-98C5-45CC-B0AB-0D730B0A5C22}
	EndGlobalSection
EndGlobal
